
Microsoft Visual Studio Solution File, Format Version 12.00
# Visual Studio Version 16
VisualStudioVersion = 16.0.32228.343
MinimumVisualStudioVersion = 10.0.40219.1
Project("{FAE04EC0-301F-11D3-BF4B-00C04F79EFBC}") = "Azure_DevOps_Demo", "Azure_DevOps_Demo.csproj", "{254DECD2-4F2A-480B-85ED-87E21347D9AA}"
EndProject
Global
	GlobalSection(SolutionConfigurationPlatforms) = preSolution
		Debug|Any CPU = Debug|Any CPU
		Release|Any CPU = Release|Any CPU
	EndGlobalSection
	GlobalSection(ProjectConfigurationPlatforms) = postSolution
		{254DECD2-4F2A-480B-85ED-87E21347D9AA}.Debug|Any CPU.ActiveCfg = Debug|Any CPU
		{254DECD2-4F2A-480B-85ED-87E21347D9AA}.Debug|Any CPU.Build.0 = Debug|Any CPU
		{254DECD2-4F2A-480B-85ED-87E21347D9AA}.Release|Any CPU.ActiveCfg = Release|Any CPU
		{254DECD2-4F2A-480B-85ED-87E21347D9AA}.Release|Any CPU.Build.0 = Release|Any CPU
	EndGlobalSection
	GlobalSection(SolutionProperties) = preSolution
		HideSolutionNode = FALSE
	EndGlobalSection
	GlobalSection(ExtensibilityGlobals) = postSolution
		SolutionGuid = {B414BB5C-F785-4527-A1FD-D099B5F7E02F}
	EndGlobalSection
EndGlobal
